// !$*UTF8*$!
{
	archiveVersion = 1;
	classes = {
	};
	objectVersion = 55;
	objects = {

/* Begin PBXBuildFile section */
		5756D741272F3B1D00D8A9E9 /* StocksInteractor.swift in Sources */ = {isa = PBXBuildFile; fileRef = 5756D740272F3B1D00D8A9E9 /* StocksInteractor.swift */; };
		5782B8D72798F7B8000089F7 /* MockService.swift in Sources */ = {isa = PBXBuildFile; fileRef = 5782B8D62798F7B8000089F7 /* MockService.swift */; };
		5782B8D92798F885000089F7 /* MockViewControlling.swift in Sources */ = {isa = PBXBuildFile; fileRef = 5782B8D82798F885000089F7 /* MockViewControlling.swift */; };
		57909A66273225D100797893 /* UIViewController+Ext.swift in Sources */ = {isa = PBXBuildFile; fileRef = 57909A65273225D100797893 /* UIViewController+Ext.swift */; };
		5797806A2774269E003CDE3C /* StocksInteractorTests.swift in Sources */ = {isa = PBXBuildFile; fileRef = 579780692774269E003CDE3C /* StocksInteractorTests.swift */; };
		579D9516279BB36100641CA9 /* StocksServiceTest.swift in Sources */ = {isa = PBXBuildFile; fileRef = 579D9515279BB36100641CA9 /* StocksServiceTest.swift */; };
		57B1AD42272C6BD50071ED4A /* MainViewController.swift in Sources */ = {isa = PBXBuildFile; fileRef = 57B1AD41272C6BD50071ED4A /* MainViewController.swift */; };
		57B1AD46272C6D010071ED4A /* CashAppButton.swift in Sources */ = {isa = PBXBuildFile; fileRef = 57B1AD45272C6D010071ED4A /* CashAppButton.swift */; };
		57B1AD48272C76CF0071ED4A /* UIColor+Ext.swift in Sources */ = {isa = PBXBuildFile; fileRef = 57B1AD47272C76CF0071ED4A /* UIColor+Ext.swift */; };
		57B1AD4B272C7D4B0071ED4A /* CashAppTitleLabel.swift in Sources */ = {isa = PBXBuildFile; fileRef = 57B1AD4A272C7D4B0071ED4A /* CashAppTitleLabel.swift */; };
		57B1AD4D272C7E2C0071ED4A /* CashAppSecondaryTitle.swift in Sources */ = {isa = PBXBuildFile; fileRef = 57B1AD4C272C7E2C0071ED4A /* CashAppSecondaryTitle.swift */; };
		57B1AD4F272C827C0071ED4A /* UIFlowLayoutHelper.swift in Sources */ = {isa = PBXBuildFile; fileRef = 57B1AD4E272C827C0071ED4A /* UIFlowLayoutHelper.swift */; };
		57B1AD53272C95700071ED4A /* StockViewModel.swift in Sources */ = {isa = PBXBuildFile; fileRef = 57B1AD52272C95700071ED4A /* StockViewModel.swift */; };
		57B1AD55272CAB8D0071ED4A /* SingleStockViewController.swift in Sources */ = {isa = PBXBuildFile; fileRef = 57B1AD54272CAB8D0071ED4A /* SingleStockViewController.swift */; };
		57B1AD57272CB7560071ED4A /* CashAppAlertViewController.swift in Sources */ = {isa = PBXBuildFile; fileRef = 57B1AD56272CB7560071ED4A /* CashAppAlertViewController.swift */; };
		57B961C12787DA2E00004321 /* StocksFixture.json in Resources */ = {isa = PBXBuildFile; fileRef = 57B961C02787DA2E00004321 /* StocksFixture.json */; };
		57B961C42787DA3900004321 /* StocksMalformedFixture.json in Resources */ = {isa = PBXBuildFile; fileRef = 57B961C22787DA3900004321 /* StocksMalformedFixture.json */; };
		57B961C52787DA3900004321 /* StocksEmptyFixture.json in Resources */ = {isa = PBXBuildFile; fileRef = 57B961C32787DA3900004321 /* StocksEmptyFixture.json */; };
		57DC0415272A3590008FDECE /* AppDelegate.swift in Sources */ = {isa = PBXBuildFile; fileRef = 57DC0414272A3590008FDECE /* AppDelegate.swift */; };
		57DC0417272A3590008FDECE /* SceneDelegate.swift in Sources */ = {isa = PBXBuildFile; fileRef = 57DC0416272A3590008FDECE /* SceneDelegate.swift */; };
		57DC041E272A3592008FDECE /* Assets.xcassets in Resources */ = {isa = PBXBuildFile; fileRef = 57DC041D272A3592008FDECE /* Assets.xcassets */; };
		57DC0421272A3592008FDECE /* LaunchScreen.storyboard in Resources */ = {isa = PBXBuildFile; fileRef = 57DC041F272A3592008FDECE /* LaunchScreen.storyboard */; };
		57DC042D272A4959008FDECE /* Stock.swift in Sources */ = {isa = PBXBuildFile; fileRef = 57DC042C272A4959008FDECE /* Stock.swift */; };
		57DC042F272A4AA9008FDECE /* StocksViewController.swift in Sources */ = {isa = PBXBuildFile; fileRef = 57DC042E272A4AA9008FDECE /* StocksViewController.swift */; };
		57DC0433272A4F37008FDECE /* StockService.swift in Sources */ = {isa = PBXBuildFile; fileRef = 57DC0432272A4F37008FDECE /* StockService.swift */; };
		57DC0436272A4FFE008FDECE /* Error.swift in Sources */ = {isa = PBXBuildFile; fileRef = 57DC0435272A4FFE008FDECE /* Error.swift */; };
		57DC0438272A56CD008FDECE /* StockCell.swift in Sources */ = {isa = PBXBuildFile; fileRef = 57DC0437272A56CC008FDECE /* StockCell.swift */; };
		FDCEE560A1A3C8BA246F4EB9 /* Pods_CashApp.framework in Frameworks */ = {isa = PBXBuildFile; fileRef = 548FF69DC30EBD1B752C2700 /* Pods_CashApp.framework */; };
/* End PBXBuildFile section */

/* Begin PBXContainerItemProxy section */
		5797806B2774269E003CDE3C /* PBXContainerItemProxy */ = {
			isa = PBXContainerItemProxy;
			containerPortal = 57DC0409272A3590008FDECE /* Project object */;
			proxyType = 1;
			remoteGlobalIDString = 57DC0410272A3590008FDECE;
			remoteInfo = CashApp;
		};
/* End PBXContainerItemProxy section */

/* Begin PBXFileReference section */
		353BFEE87C39E2FD9C385CCC /* Pods-CashApp.debug.xcconfig */ = {isa = PBXFileReference; includeInIndex = 1; lastKnownFileType = text.xcconfig; name = "Pods-CashApp.debug.xcconfig"; path = "Target Support Files/Pods-CashApp/Pods-CashApp.debug.xcconfig"; sourceTree = "<group>"; };
		548FF69DC30EBD1B752C2700 /* Pods_CashApp.framework */ = {isa = PBXFileReference; explicitFileType = wrapper.framework; includeInIndex = 0; path = Pods_CashApp.framework; sourceTree = BUILT_PRODUCTS_DIR; };
		5756D740272F3B1D00D8A9E9 /* StocksInteractor.swift */ = {isa = PBXFileReference; lastKnownFileType = sourcecode.swift; path = StocksInteractor.swift; sourceTree = "<group>"; };
		5782B8D62798F7B8000089F7 /* MockService.swift */ = {isa = PBXFileReference; lastKnownFileType = sourcecode.swift; path = MockService.swift; sourceTree = "<group>"; };
		5782B8D82798F885000089F7 /* MockViewControlling.swift */ = {isa = PBXFileReference; lastKnownFileType = sourcecode.swift; path = MockViewControlling.swift; sourceTree = "<group>"; };
		57909A65273225D100797893 /* UIViewController+Ext.swift */ = {isa = PBXFileReference; lastKnownFileType = sourcecode.swift; path = "UIViewController+Ext.swift"; sourceTree = "<group>"; };
		579780672774269E003CDE3C /* CashAppTests.xctest */ = {isa = PBXFileReference; explicitFileType = wrapper.cfbundle; includeInIndex = 0; path = CashAppTests.xctest; sourceTree = BUILT_PRODUCTS_DIR; };
		579780692774269E003CDE3C /* StocksInteractorTests.swift */ = {isa = PBXFileReference; lastKnownFileType = sourcecode.swift; path = StocksInteractorTests.swift; sourceTree = "<group>"; };
		579D9515279BB36100641CA9 /* StocksServiceTest.swift */ = {isa = PBXFileReference; lastKnownFileType = sourcecode.swift; path = StocksServiceTest.swift; sourceTree = "<group>"; };
		57B1AD41272C6BD50071ED4A /* MainViewController.swift */ = {isa = PBXFileReference; lastKnownFileType = sourcecode.swift; path = MainViewController.swift; sourceTree = "<group>"; };
		57B1AD45272C6D010071ED4A /* CashAppButton.swift */ = {isa = PBXFileReference; lastKnownFileType = sourcecode.swift; path = CashAppButton.swift; sourceTree = "<group>"; };
		57B1AD47272C76CF0071ED4A /* UIColor+Ext.swift */ = {isa = PBXFileReference; lastKnownFileType = sourcecode.swift; path = "UIColor+Ext.swift"; sourceTree = "<group>"; };
		57B1AD4A272C7D4B0071ED4A /* CashAppTitleLabel.swift */ = {isa = PBXFileReference; lastKnownFileType = sourcecode.swift; path = CashAppTitleLabel.swift; sourceTree = "<group>"; };
		57B1AD4C272C7E2C0071ED4A /* CashAppSecondaryTitle.swift */ = {isa = PBXFileReference; lastKnownFileType = sourcecode.swift; path = CashAppSecondaryTitle.swift; sourceTree = "<group>"; };
		57B1AD4E272C827C0071ED4A /* UIFlowLayoutHelper.swift */ = {isa = PBXFileReference; lastKnownFileType = sourcecode.swift; path = UIFlowLayoutHelper.swift; sourceTree = "<group>"; };
		57B1AD52272C95700071ED4A /* StockViewModel.swift */ = {isa = PBXFileReference; lastKnownFileType = sourcecode.swift; path = StockViewModel.swift; sourceTree = "<group>"; };
		57B1AD54272CAB8D0071ED4A /* SingleStockViewController.swift */ = {isa = PBXFileReference; lastKnownFileType = sourcecode.swift; path = SingleStockViewController.swift; sourceTree = "<group>"; };
		57B1AD56272CB7560071ED4A /* CashAppAlertViewController.swift */ = {isa = PBXFileReference; lastKnownFileType = sourcecode.swift; name = CashAppAlertViewController.swift; path = ../CashAppAlertViewController.swift; sourceTree = "<group>"; };
		57B961C02787DA2E00004321 /* StocksFixture.json */ = {isa = PBXFileReference; fileEncoding = 4; lastKnownFileType = text.json; path = StocksFixture.json; sourceTree = "<group>"; };
		57B961C22787DA3900004321 /* StocksMalformedFixture.json */ = {isa = PBXFileReference; fileEncoding = 4; lastKnownFileType = text.json; path = StocksMalformedFixture.json; sourceTree = "<group>"; };
		57B961C32787DA3900004321 /* StocksEmptyFixture.json */ = {isa = PBXFileReference; fileEncoding = 4; lastKnownFileType = text.json; path = StocksEmptyFixture.json; sourceTree = "<group>"; };
		57DC0411272A3590008FDECE /* CashApp.app */ = {isa = PBXFileReference; explicitFileType = wrapper.application; includeInIndex = 0; path = CashApp.app; sourceTree = BUILT_PRODUCTS_DIR; };
		57DC0414272A3590008FDECE /* AppDelegate.swift */ = {isa = PBXFileReference; lastKnownFileType = sourcecode.swift; path = AppDelegate.swift; sourceTree = "<group>"; };
		57DC0416272A3590008FDECE /* SceneDelegate.swift */ = {isa = PBXFileReference; lastKnownFileType = sourcecode.swift; path = SceneDelegate.swift; sourceTree = "<group>"; };
		57DC041D272A3592008FDECE /* Assets.xcassets */ = {isa = PBXFileReference; lastKnownFileType = folder.assetcatalog; path = Assets.xcassets; sourceTree = "<group>"; };
		57DC0420272A3592008FDECE /* Base */ = {isa = PBXFileReference; lastKnownFileType = file.storyboard; name = Base; path = Base.lproj/LaunchScreen.storyboard; sourceTree = "<group>"; };
		57DC0422272A3592008FDECE /* Info.plist */ = {isa = PBXFileReference; lastKnownFileType = text.plist.xml; path = Info.plist; sourceTree = "<group>"; };
		57DC042C272A4959008FDECE /* Stock.swift */ = {isa = PBXFileReference; lastKnownFileType = sourcecode.swift; path = Stock.swift; sourceTree = "<group>"; };
		57DC042E272A4AA9008FDECE /* StocksViewController.swift */ = {isa = PBXFileReference; lastKnownFileType = sourcecode.swift; path = StocksViewController.swift; sourceTree = "<group>"; };
		57DC0432272A4F37008FDECE /* StockService.swift */ = {isa = PBXFileReference; lastKnownFileType = sourcecode.swift; path = StockService.swift; sourceTree = "<group>"; };
		57DC0435272A4FFE008FDECE /* Error.swift */ = {isa = PBXFileReference; lastKnownFileType = sourcecode.swift; path = Error.swift; sourceTree = "<group>"; };
		57DC0437272A56CC008FDECE /* StockCell.swift */ = {isa = PBXFileReference; lastKnownFileType = sourcecode.swift; path = StockCell.swift; sourceTree = "<group>"; };
		95C917FA77498B5EDEAA6393 /* Pods-CashApp.release.xcconfig */ = {isa = PBXFileReference; includeInIndex = 1; lastKnownFileType = text.xcconfig; name = "Pods-CashApp.release.xcconfig"; path = "Target Support Files/Pods-CashApp/Pods-CashApp.release.xcconfig"; sourceTree = "<group>"; };
/* End PBXFileReference section */

/* Begin PBXFrameworksBuildPhase section */
		579780642774269E003CDE3C /* Frameworks */ = {
			isa = PBXFrameworksBuildPhase;
			buildActionMask = 2147483647;
			files = (
			);
			runOnlyForDeploymentPostprocessing = 0;
		};
		57DC040E272A3590008FDECE /* Frameworks */ = {
			isa = PBXFrameworksBuildPhase;
			buildActionMask = 2147483647;
			files = (
				FDCEE560A1A3C8BA246F4EB9 /* Pods_CashApp.framework in Frameworks */,
			);
			runOnlyForDeploymentPostprocessing = 0;
		};
/* End PBXFrameworksBuildPhase section */

/* Begin PBXGroup section */
		571F43902798C57F00306D62 /* Screen */ = {
			isa = PBXGroup;
			children = (
				579780692774269E003CDE3C /* StocksInteractorTests.swift */,
			);
			path = Screen;
			sourceTree = "<group>";
		};
		571F43912798C58800306D62 /* Service */ = {
			isa = PBXGroup;
			children = (
				579D9515279BB36100641CA9 /* StocksServiceTest.swift */,
			);
			path = Service;
			sourceTree = "<group>";
		};
		5756D73E272F3A2400D8A9E9 /* Entities */ = {
			isa = PBXGroup;
			children = (
				57DC042C272A4959008FDECE /* Stock.swift */,
			);
			path = Entities;
			sourceTree = "<group>";
		};
		5756D73F272F3A3100D8A9E9 /* Services */ = {
			isa = PBXGroup;
			children = (
				57DC0432272A4F37008FDECE /* StockService.swift */,
			);
			path = Services;
			sourceTree = "<group>";
		};
		57909A642732037300797893 /* Interactors */ = {
			isa = PBXGroup;
			children = (
				5756D740272F3B1D00D8A9E9 /* StocksInteractor.swift */,
			);
			path = Interactors;
			sourceTree = "<group>";
		};
		579780682774269E003CDE3C /* CashAppTests */ = {
			isa = PBXGroup;
			children = (
				57B961C62787DA4100004321 /* Mocks */,
				57B961BF2787DA0700004321 /* Fixtures */,
				571F43912798C58800306D62 /* Service */,
				571F43902798C57F00306D62 /* Screen */,
			);
			path = CashAppTests;
			sourceTree = "<group>";
		};
		57B1AD43272C6CC90071ED4A /* Cells */ = {
			isa = PBXGroup;
			children = (
				57DC0437272A56CC008FDECE /* StockCell.swift */,
			);
			path = Cells;
			sourceTree = "<group>";
		};
		57B1AD44272C6CD40071ED4A /* Buttons */ = {
			isa = PBXGroup;
			children = (
				57B1AD45272C6D010071ED4A /* CashAppButton.swift */,
			);
			path = Buttons;
			sourceTree = "<group>";
		};
		57B1AD49272C7D2A0071ED4A /* Labels */ = {
			isa = PBXGroup;
			children = (
				57B1AD4A272C7D4B0071ED4A /* CashAppTitleLabel.swift */,
				57B1AD4C272C7E2C0071ED4A /* CashAppSecondaryTitle.swift */,
			);
			path = Labels;
			sourceTree = "<group>";
		};
		57B1AD51272C95630071ED4A /* ViewModel */ = {
			isa = PBXGroup;
			children = (
				57B1AD52272C95700071ED4A /* StockViewModel.swift */,
			);
			path = ViewModel;
			sourceTree = "<group>";
		};
		57B961BF2787DA0700004321 /* Fixtures */ = {
			isa = PBXGroup;
			children = (
				57B961C02787DA2E00004321 /* StocksFixture.json */,
				57B961C32787DA3900004321 /* StocksEmptyFixture.json */,
				57B961C22787DA3900004321 /* StocksMalformedFixture.json */,
			);
			path = Fixtures;
			sourceTree = "<group>";
		};
		57B961C62787DA4100004321 /* Mocks */ = {
			isa = PBXGroup;
			children = (
				5782B8D62798F7B8000089F7 /* MockService.swift */,
				5782B8D82798F885000089F7 /* MockViewControlling.swift */,
			);
			path = Mocks;
			sourceTree = "<group>";
		};
		57DC0408272A3590008FDECE = {
			isa = PBXGroup;
			children = (
				57DC0413272A3590008FDECE /* CashApp */,
				579780682774269E003CDE3C /* CashAppTests */,
				57DC0412272A3590008FDECE /* Products */,
				6092B1D2448839A130331A70 /* Pods */,
				5DB484E8F955370DCE2B0FAF /* Frameworks */,
			);
			sourceTree = "<group>";
		};
		57DC0412272A3590008FDECE /* Products */ = {
			isa = PBXGroup;
			children = (
				57DC0411272A3590008FDECE /* CashApp.app */,
				579780672774269E003CDE3C /* CashAppTests.xctest */,
			);
			name = Products;
			sourceTree = "<group>";
		};
		57DC0413272A3590008FDECE /* CashApp */ = {
			isa = PBXGroup;
			children = (
				57909A642732037300797893 /* Interactors */,
				57B1AD51272C95630071ED4A /* ViewModel */,
				57DC042B272A494C008FDECE /* Model */,
				57DC0429272A4935008FDECE /* Views */,
				57DC0428272A4925008FDECE /* Controllers */,
				57DC0434272A4FE6008FDECE /* Utils */,
				57DC0416272A3590008FDECE /* SceneDelegate.swift */,
				57DC0414272A3590008FDECE /* AppDelegate.swift */,
				57DC041D272A3592008FDECE /* Assets.xcassets */,
				57DC041F272A3592008FDECE /* LaunchScreen.storyboard */,
				57DC0422272A3592008FDECE /* Info.plist */,
			);
			path = CashApp;
			sourceTree = "<group>";
		};
		57DC0428272A4925008FDECE /* Controllers */ = {
			isa = PBXGroup;
			children = (
				57B1AD41272C6BD50071ED4A /* MainViewController.swift */,
				57DC042E272A4AA9008FDECE /* StocksViewController.swift */,
				57B1AD54272CAB8D0071ED4A /* SingleStockViewController.swift */,
			);
			path = Controllers;
			sourceTree = "<group>";
		};
		57DC0429272A4935008FDECE /* Views */ = {
			isa = PBXGroup;
			children = (
				57DEF56C272DEBF2007BFE46 /* ViewControllers */,
				57B1AD49272C7D2A0071ED4A /* Labels */,
				57B1AD44272C6CD40071ED4A /* Buttons */,
				57B1AD43272C6CC90071ED4A /* Cells */,
			);
			path = Views;
			sourceTree = "<group>";
		};
		57DC042B272A494C008FDECE /* Model */ = {
			isa = PBXGroup;
			children = (
				5756D73F272F3A3100D8A9E9 /* Services */,
				5756D73E272F3A2400D8A9E9 /* Entities */,
			);
			path = Model;
			sourceTree = "<group>";
		};
		57DC0434272A4FE6008FDECE /* Utils */ = {
			isa = PBXGroup;
			children = (
				57DC0435272A4FFE008FDECE /* Error.swift */,
				57B1AD47272C76CF0071ED4A /* UIColor+Ext.swift */,
				57909A65273225D100797893 /* UIViewController+Ext.swift */,
				57B1AD4E272C827C0071ED4A /* UIFlowLayoutHelper.swift */,
			);
			path = Utils;
			sourceTree = "<group>";
		};
		57DEF56C272DEBF2007BFE46 /* ViewControllers */ = {
			isa = PBXGroup;
			children = (
				57B1AD56272CB7560071ED4A /* CashAppAlertViewController.swift */,
			);
			path = ViewControllers;
			sourceTree = "<group>";
		};
		5DB484E8F955370DCE2B0FAF /* Frameworks */ = {
			isa = PBXGroup;
			children = (
				548FF69DC30EBD1B752C2700 /* Pods_CashApp.framework */,
			);
			name = Frameworks;
			sourceTree = "<group>";
		};
		6092B1D2448839A130331A70 /* Pods */ = {
			isa = PBXGroup;
			children = (
				353BFEE87C39E2FD9C385CCC /* Pods-CashApp.debug.xcconfig */,
				95C917FA77498B5EDEAA6393 /* Pods-CashApp.release.xcconfig */,
			);
			path = Pods;
			sourceTree = "<group>";
		};
/* End PBXGroup section */

/* Begin PBXNativeTarget section */
		579780662774269E003CDE3C /* CashAppTests */ = {
			isa = PBXNativeTarget;
			buildConfigurationList = 5797806F2774269E003CDE3C /* Build configuration list for PBXNativeTarget "CashAppTests" */;
			buildPhases = (
				579780632774269E003CDE3C /* Sources */,
				579780642774269E003CDE3C /* Frameworks */,
				579780652774269E003CDE3C /* Resources */,
			);
			buildRules = (
			);
			dependencies = (
				5797806C2774269E003CDE3C /* PBXTargetDependency */,
			);
			name = CashAppTests;
			productName = CashAppTests;
			productReference = 579780672774269E003CDE3C /* CashAppTests.xctest */;
			productType = "com.apple.product-type.bundle.unit-test";
		};
		57DC0410272A3590008FDECE /* CashApp */ = {
			isa = PBXNativeTarget;
			buildConfigurationList = 57DC0425272A3592008FDECE /* Build configuration list for PBXNativeTarget "CashApp" */;
			buildPhases = (
				10DC4E1C7BE9CE3809A610B0 /* [CP] Check Pods Manifest.lock */,
				57DC040D272A3590008FDECE /* Sources */,
				57DC040E272A3590008FDECE /* Frameworks */,
				57DC040F272A3590008FDECE /* Resources */,
				577B7A43272DBEF100BDAA3B /* ShellScript */,
			);
			buildRules = (
			);
			dependencies = (
			);
			name = CashApp;
			productName = CashApp;
			productReference = 57DC0411272A3590008FDECE /* CashApp.app */;
			productType = "com.apple.product-type.application";
		};
/* End PBXNativeTarget section */

/* Begin PBXProject section */
		57DC0409272A3590008FDECE /* Project object */ = {
			isa = PBXProject;
			attributes = {
				BuildIndependentTargetsInParallel = 1;
				LastSwiftUpdateCheck = 1320;
				LastUpgradeCheck = 1300;
				TargetAttributes = {
					579780662774269E003CDE3C = {
						CreatedOnToolsVersion = 13.2.1;
						TestTargetID = 57DC0410272A3590008FDECE;
					};
					57DC0410272A3590008FDECE = {
						CreatedOnToolsVersion = 13.0;
					};
				};
			};
			buildConfigurationList = 57DC040C272A3590008FDECE /* Build configuration list for PBXProject "CashApp" */;
			compatibilityVersion = "Xcode 13.0";
			developmentRegion = en;
			hasScannedForEncodings = 0;
			knownRegions = (
				en,
				Base,
			);
			mainGroup = 57DC0408272A3590008FDECE;
			productRefGroup = 57DC0412272A3590008FDECE /* Products */;
			projectDirPath = "";
			projectRoot = "";
			targets = (
				57DC0410272A3590008FDECE /* CashApp */,
				579780662774269E003CDE3C /* CashAppTests */,
			);
		};
/* End PBXProject section */

/* Begin PBXResourcesBuildPhase section */
		579780652774269E003CDE3C /* Resources */ = {
			isa = PBXResourcesBuildPhase;
			buildActionMask = 2147483647;
			files = (
				57B961C42787DA3900004321 /* StocksMalformedFixture.json in Resources */,
				57B961C52787DA3900004321 /* StocksEmptyFixture.json in Resources */,
				57B961C12787DA2E00004321 /* StocksFixture.json in Resources */,
			);
			runOnlyForDeploymentPostprocessing = 0;
		};
		57DC040F272A3590008FDECE /* Resources */ = {
			isa = PBXResourcesBuildPhase;
			buildActionMask = 2147483647;
			files = (
				57DC0421272A3592008FDECE /* LaunchScreen.storyboard in Resources */,
				57DC041E272A3592008FDECE /* Assets.xcassets in Resources */,
			);
			runOnlyForDeploymentPostprocessing = 0;
		};
/* End PBXResourcesBuildPhase section */

/* Begin PBXShellScriptBuildPhase section */
		10DC4E1C7BE9CE3809A610B0 /* [CP] Check Pods Manifest.lock */ = {
			isa = PBXShellScriptBuildPhase;
			buildActionMask = 2147483647;
			files = (
			);
			inputFileListPaths = (
			);
			inputPaths = (
				"${PODS_PODFILE_DIR_PATH}/Podfile.lock",
				"${PODS_ROOT}/Manifest.lock",
			);
			name = "[CP] Check Pods Manifest.lock";
			outputFileListPaths = (
			);
			outputPaths = (
				"$(DERIVED_FILE_DIR)/Pods-CashApp-checkManifestLockResult.txt",
			);
			runOnlyForDeploymentPostprocessing = 0;
			shellPath = /bin/sh;
			shellScript = "diff \"${PODS_PODFILE_DIR_PATH}/Podfile.lock\" \"${PODS_ROOT}/Manifest.lock\" > /dev/null\nif [ $? != 0 ] ; then\n    # print error to STDERR\n    echo \"error: The sandbox is not in sync with the Podfile.lock. Run 'pod install' or update your CocoaPods installation.\" >&2\n    exit 1\nfi\n# This output is used by Xcode 'outputs' to avoid re-running this script phase.\necho \"SUCCESS\" > \"${SCRIPT_OUTPUT_FILE_0}\"\n";
			showEnvVarsInLog = 0;
		};
		577B7A43272DBEF100BDAA3B /* ShellScript */ = {
			isa = PBXShellScriptBuildPhase;
			buildActionMask = 2147483647;
			files = (
			);
			inputFileListPaths = (
			);
			inputPaths = (
			);
			outputFileListPaths = (
			);
			outputPaths = (
			);
			runOnlyForDeploymentPostprocessing = 0;
			shellPath = /bin/sh;
			shellScript = "if which \"${PODS_ROOT}/SwiftLint/swiftlint\" >/dev/null; then\n    ${PODS_ROOT}/SwiftLint/swiftlint\nelse\n    echo \"warning: SwiftLint not installed, download from https://github.com/realm/SwiftLint\"\nfi\n";
		};
/* End PBXShellScriptBuildPhase section */

/* Begin PBXSourcesBuildPhase section */
		579780632774269E003CDE3C /* Sources */ = {
			isa = PBXSourcesBuildPhase;
			buildActionMask = 2147483647;
			files = (
				5782B8D92798F885000089F7 /* MockViewControlling.swift in Sources */,
				5782B8D72798F7B8000089F7 /* MockService.swift in Sources */,
				579D9516279BB36100641CA9 /* StocksServiceTest.swift in Sources */,
				5797806A2774269E003CDE3C /* StocksInteractorTests.swift in Sources */,
			);
			runOnlyForDeploymentPostprocessing = 0;
		};
		57DC040D272A3590008FDECE /* Sources */ = {
			isa = PBXSourcesBuildPhase;
			buildActionMask = 2147483647;
			files = (
				57DC0433272A4F37008FDECE /* StockService.swift in Sources */,
				5756D741272F3B1D00D8A9E9 /* StocksInteractor.swift in Sources */,
				57DC042F272A4AA9008FDECE /* StocksViewController.swift in Sources */,
				57DC0415272A3590008FDECE /* AppDelegate.swift in Sources */,
				57DC042D272A4959008FDECE /* Stock.swift in Sources */,
				57DC0417272A3590008FDECE /* SceneDelegate.swift in Sources */,
				57B1AD53272C95700071ED4A /* StockViewModel.swift in Sources */,
				57DC0438272A56CD008FDECE /* StockCell.swift in Sources */,
				57909A66273225D100797893 /* UIViewController+Ext.swift in Sources */,
				57B1AD4B272C7D4B0071ED4A /* CashAppTitleLabel.swift in Sources */,
				57B1AD42272C6BD50071ED4A /* MainViewController.swift in Sources */,
				57B1AD4D272C7E2C0071ED4A /* CashAppSecondaryTitle.swift in Sources */,
				57DC0436272A4FFE008FDECE /* Error.swift in Sources */,
				57B1AD57272CB7560071ED4A /* CashAppAlertViewController.swift in Sources */,
				57B1AD48272C76CF0071ED4A /* UIColor+Ext.swift in Sources */,
				57B1AD55272CAB8D0071ED4A /* SingleStockViewController.swift in Sources */,
				57B1AD46272C6D010071ED4A /* CashAppButton.swift in Sources */,
				57B1AD4F272C827C0071ED4A /* UIFlowLayoutHelper.swift in Sources */,
			);
			runOnlyForDeploymentPostprocessing = 0;
		};
/* End PBXSourcesBuildPhase section */

/* Begin PBXTargetDependency section */
		5797806C2774269E003CDE3C /* PBXTargetDependency */ = {
			isa = PBXTargetDependency;
			target = 57DC0410272A3590008FDECE /* CashApp */;
			targetProxy = 5797806B2774269E003CDE3C /* PBXContainerItemProxy */;
		};
/* End PBXTargetDependency section */

/* Begin PBXVariantGroup section */
		57DC041F272A3592008FDECE /* LaunchScreen.storyboard */ = {
			isa = PBXVariantGroup;
			children = (
				57DC0420272A3592008FDECE /* Base */,
			);
			name = LaunchScreen.storyboard;
			sourceTree = "<group>";
		};
/* End PBXVariantGroup section */

/* Begin XCBuildConfiguration section */
		5797806D2774269E003CDE3C /* Debug */ = {
			isa = XCBuildConfiguration;
			buildSettings = {
				BUNDLE_LOADER = "$(TEST_HOST)";
				CODE_SIGN_STYLE = Automatic;
				CURRENT_PROJECT_VERSION = 1;
				DEVELOPMENT_TEAM = 62739J54F9;
				GENERATE_INFOPLIST_FILE = YES;
				IPHONEOS_DEPLOYMENT_TARGET = 15.2;
				MARKETING_VERSION = 1.0;
				PRODUCT_BUNDLE_IDENTIFIER = com.yuksekyusuf.CashAppTests;
				PRODUCT_NAME = "$(TARGET_NAME)";
				SWIFT_EMIT_LOC_STRINGS = NO;
				SWIFT_VERSION = 5.0;
				TARGETED_DEVICE_FAMILY = "1,2";
				TEST_HOST = "$(BUILT_PRODUCTS_DIR)/CashApp.app/CashApp";
			};
			name = Debug;
		};
		5797806E2774269E003CDE3C /* Release */ = {
			isa = XCBuildConfiguration;
			buildSettings = {
				BUNDLE_LOADER = "$(TEST_HOST)";
				CODE_SIGN_STYLE = Automatic;
				CURRENT_PROJECT_VERSION = 1;
				DEVELOPMENT_TEAM = 62739J54F9;
				GENERATE_INFOPLIST_FILE = YES;
				IPHONEOS_DEPLOYMENT_TARGET = 15.2;
				MARKETING_VERSION = 1.0;
				PRODUCT_BUNDLE_IDENTIFIER = com.yuksekyusuf.CashAppTests;
				PRODUCT_NAME = "$(TARGET_NAME)";
				SWIFT_EMIT_LOC_STRINGS = NO;
				SWIFT_VERSION = 5.0;
				TARGETED_DEVICE_FAMILY = "1,2";
				TEST_HOST = "$(BUILT_PRODUCTS_DIR)/CashApp.app/CashApp";
			};
			name = Release;
		};
		57DC0423272A3592008FDECE /* Debug */ = {
			isa = XCBuildConfiguration;
			buildSettings = {
				ALWAYS_SEARCH_USER_PATHS = NO;
				CLANG_ANALYZER_NONNULL = YES;
				CLANG_ANALYZER_NUMBER_OBJECT_CONVERSION = YES_AGGRESSIVE;
				CLANG_CXX_LANGUAGE_STANDARD = "gnu++17";
				CLANG_CXX_LIBRARY = "libc++";
				CLANG_ENABLE_MODULES = YES;
				CLANG_ENABLE_OBJC_ARC = YES;
				CLANG_ENABLE_OBJC_WEAK = YES;
				CLANG_WARN_BLOCK_CAPTURE_AUTORELEASING = YES;
				CLANG_WARN_BOOL_CONVERSION = YES;
				CLANG_WARN_COMMA = YES;
				CLANG_WARN_CONSTANT_CONVERSION = YES;
				CLANG_WARN_DEPRECATED_OBJC_IMPLEMENTATIONS = YES;
				CLANG_WARN_DIRECT_OBJC_ISA_USAGE = YES_ERROR;
				CLANG_WARN_DOCUMENTATION_COMMENTS = YES;
				CLANG_WARN_EMPTY_BODY = YES;
				CLANG_WARN_ENUM_CONVERSION = YES;
				CLANG_WARN_INFINITE_RECURSION = YES;
				CLANG_WARN_INT_CONVERSION = YES;
				CLANG_WARN_NON_LITERAL_NULL_CONVERSION = YES;
				CLANG_WARN_OBJC_IMPLICIT_RETAIN_SELF = YES;
				CLANG_WARN_OBJC_LITERAL_CONVERSION = YES;
				CLANG_WARN_OBJC_ROOT_CLASS = YES_ERROR;
				CLANG_WARN_QUOTED_INCLUDE_IN_FRAMEWORK_HEADER = YES;
				CLANG_WARN_RANGE_LOOP_ANALYSIS = YES;
				CLANG_WARN_STRICT_PROTOTYPES = YES;
				CLANG_WARN_SUSPICIOUS_MOVE = YES;
				CLANG_WARN_UNGUARDED_AVAILABILITY = YES_AGGRESSIVE;
				CLANG_WARN_UNREACHABLE_CODE = YES;
				CLANG_WARN__DUPLICATE_METHOD_MATCH = YES;
				COPY_PHASE_STRIP = NO;
				DEBUG_INFORMATION_FORMAT = dwarf;
				ENABLE_STRICT_OBJC_MSGSEND = YES;
				ENABLE_TESTABILITY = YES;
				GCC_C_LANGUAGE_STANDARD = gnu11;
				GCC_DYNAMIC_NO_PIC = NO;
				GCC_NO_COMMON_BLOCKS = YES;
				GCC_OPTIMIZATION_LEVEL = 0;
				GCC_PREPROCESSOR_DEFINITIONS = (
					"DEBUG=1",
					"$(inherited)",
				);
				GCC_WARN_64_TO_32_BIT_CONVERSION = YES;
				GCC_WARN_ABOUT_RETURN_TYPE = YES_ERROR;
				GCC_WARN_UNDECLARED_SELECTOR = YES;
				GCC_WARN_UNINITIALIZED_AUTOS = YES_AGGRESSIVE;
				GCC_WARN_UNUSED_FUNCTION = YES;
				GCC_WARN_UNUSED_VARIABLE = YES;
				IPHONEOS_DEPLOYMENT_TARGET = 15.0;
				MTL_ENABLE_DEBUG_INFO = INCLUDE_SOURCE;
				MTL_FAST_MATH = YES;
				ONLY_ACTIVE_ARCH = YES;
				SDKROOT = iphoneos;
				SWIFT_ACTIVE_COMPILATION_CONDITIONS = DEBUG;
				SWIFT_OPTIMIZATION_LEVEL = "-Onone";
			};
			name = Debug;
		};
		57DC0424272A3592008FDECE /* Release */ = {
			isa = XCBuildConfiguration;
			buildSettings = {
				ALWAYS_SEARCH_USER_PATHS = NO;
				CLANG_ANALYZER_NONNULL = YES;
				CLANG_ANALYZER_NUMBER_OBJECT_CONVERSION = YES_AGGRESSIVE;
				CLANG_CXX_LANGUAGE_STANDARD = "gnu++17";
				CLANG_CXX_LIBRARY = "libc++";
				CLANG_ENABLE_MODULES = YES;
				CLANG_ENABLE_OBJC_ARC = YES;
				CLANG_ENABLE_OBJC_WEAK = YES;
				CLANG_WARN_BLOCK_CAPTURE_AUTORELEASING = YES;
				CLANG_WARN_BOOL_CONVERSION = YES;
				CLANG_WARN_COMMA = YES;
				CLANG_WARN_CONSTANT_CONVERSION = YES;
				CLANG_WARN_DEPRECATED_OBJC_IMPLEMENTATIONS = YES;
				CLANG_WARN_DIRECT_OBJC_ISA_USAGE = YES_ERROR;
				CLANG_WARN_DOCUMENTATION_COMMENTS = YES;
				CLANG_WARN_EMPTY_BODY = YES;
				CLANG_WARN_ENUM_CONVERSION = YES;
				CLANG_WARN_INFINITE_RECURSION = YES;
				CLANG_WARN_INT_CONVERSION = YES;
				CLANG_WARN_NON_LITERAL_NULL_CONVERSION = YES;
				CLANG_WARN_OBJC_IMPLICIT_RETAIN_SELF = YES;
				CLANG_WARN_OBJC_LITERAL_CONVERSION = YES;
				CLANG_WARN_OBJC_ROOT_CLASS = YES_ERROR;
				CLANG_WARN_QUOTED_INCLUDE_IN_FRAMEWORK_HEADER = YES;
				CLANG_WARN_RANGE_LOOP_ANALYSIS = YES;
				CLANG_WARN_STRICT_PROTOTYPES = YES;
				CLANG_WARN_SUSPICIOUS_MOVE = YES;
				CLANG_WARN_UNGUARDED_AVAILABILITY = YES_AGGRESSIVE;
				CLANG_WARN_UNREACHABLE_CODE = YES;
				CLANG_WARN__DUPLICATE_METHOD_MATCH = YES;
				COPY_PHASE_STRIP = NO;
				DEBUG_INFORMATION_FORMAT = "dwarf-with-dsym";
				ENABLE_NS_ASSERTIONS = NO;
				ENABLE_STRICT_OBJC_MSGSEND = YES;
				GCC_C_LANGUAGE_STANDARD = gnu11;
				GCC_NO_COMMON_BLOCKS = YES;
				GCC_WARN_64_TO_32_BIT_CONVERSION = YES;
				GCC_WARN_ABOUT_RETURN_TYPE = YES_ERROR;
				GCC_WARN_UNDECLARED_SELECTOR = YES;
				GCC_WARN_UNINITIALIZED_AUTOS = YES_AGGRESSIVE;
				GCC_WARN_UNUSED_FUNCTION = YES;
				GCC_WARN_UNUSED_VARIABLE = YES;
				IPHONEOS_DEPLOYMENT_TARGET = 15.0;
				MTL_ENABLE_DEBUG_INFO = NO;
				MTL_FAST_MATH = YES;
				SDKROOT = iphoneos;
				SWIFT_COMPILATION_MODE = wholemodule;
				SWIFT_OPTIMIZATION_LEVEL = "-O";
				VALIDATE_PRODUCT = YES;
			};
			name = Release;
		};
		57DC0426272A3592008FDECE /* Debug */ = {
			isa = XCBuildConfiguration;
			baseConfigurationReference = 353BFEE87C39E2FD9C385CCC /* Pods-CashApp.debug.xcconfig */;
			buildSettings = {
				ASSETCATALOG_COMPILER_APPICON_NAME = AppIcon;
				ASSETCATALOG_COMPILER_GLOBAL_ACCENT_COLOR_NAME = AccentColor;
				CODE_SIGN_STYLE = Automatic;
				CURRENT_PROJECT_VERSION = 1;
				DEVELOPMENT_TEAM = 62739J54F9;
				GENERATE_INFOPLIST_FILE = YES;
				INFOPLIST_FILE = CashApp/Info.plist;
				INFOPLIST_KEY_UIApplicationSupportsIndirectInputEvents = YES;
				INFOPLIST_KEY_UILaunchStoryboardName = LaunchScreen;
				INFOPLIST_KEY_UISupportedInterfaceOrientations = UIInterfaceOrientationPortrait;
				INFOPLIST_KEY_UISupportedInterfaceOrientations_iPad = "UIInterfaceOrientationPortrait UIInterfaceOrientationPortraitUpsideDown UIInterfaceOrientationLandscapeLeft UIInterfaceOrientationLandscapeRight";
				INFOPLIST_KEY_UISupportedInterfaceOrientations_iPhone = "UIInterfaceOrientationPortrait UIInterfaceOrientationLandscapeLeft UIInterfaceOrientationLandscapeRight";
				LD_RUNPATH_SEARCH_PATHS = (
					"$(inherited)",
					"@executable_path/Frameworks",
				);
				MARKETING_VERSION = 1.0;
				PRODUCT_BUNDLE_IDENTIFIER = com.yuksekyusuf.CashApp;
				PRODUCT_NAME = "$(TARGET_NAME)";
				SWIFT_EMIT_LOC_STRINGS = YES;
				SWIFT_VERSION = 5.0;
				TARGETED_DEVICE_FAMILY = 1;
			};
			name = Debug;
		};
		57DC0427272A3592008FDECE /* Release */ = {
			isa = XCBuildConfiguration;
			baseConfigurationReference = 95C917FA77498B5EDEAA6393 /* Pods-CashApp.release.xcconfig */;
			buildSettings = {
				ASSETCATALOG_COMPILER_APPICON_NAME = AppIcon;
				ASSETCATALOG_COMPILER_GLOBAL_ACCENT_COLOR_NAME = AccentColor;
				CODE_SIGN_STYLE = Automatic;
				CURRENT_PROJECT_VERSION = 1;
				DEVELOPMENT_TEAM = 62739J54F9;
				GENERATE_INFOPLIST_FILE = YES;
				INFOPLIST_FILE = CashApp/Info.plist;
				INFOPLIST_KEY_UIApplicationSupportsIndirectInputEvents = YES;
				INFOPLIST_KEY_UILaunchStoryboardName = LaunchScreen;
				INFOPLIST_KEY_UISupportedInterfaceOrientations = UIInterfaceOrientationPortrait;
				INFOPLIST_KEY_UISupportedInterfaceOrientations_iPad = "UIInterfaceOrientationPortrait UIInterfaceOrientationPortraitUpsideDown UIInterfaceOrientationLandscapeLeft UIInterfaceOrientationLandscapeRight";
				INFOPLIST_KEY_UISupportedInterfaceOrientations_iPhone = "UIInterfaceOrientationPortrait UIInterfaceOrientationLandscapeLeft UIInterfaceOrientationLandscapeRight";
				LD_RUNPATH_SEARCH_PATHS = (
					"$(inherited)",
					"@executable_path/Frameworks",
				);
				MARKETING_VERSION = 1.0;
				PRODUCT_BUNDLE_IDENTIFIER = com.yuksekyusuf.CashApp;
				PRODUCT_NAME = "$(TARGET_NAME)";
				SWIFT_EMIT_LOC_STRINGS = YES;
				SWIFT_VERSION = 5.0;
				TARGETED_DEVICE_FAMILY = 1;
			};
			name = Release;
		};
/* End XCBuildConfiguration section */

/* Begin XCConfigurationList section */
		5797806F2774269E003CDE3C /* Build configuration list for PBXNativeTarget "CashAppTests" */ = {
			isa = XCConfigurationList;
			buildConfigurations = (
				5797806D2774269E003CDE3C /* Debug */,
				5797806E2774269E003CDE3C /* Release */,
			);
			defaultConfigurationIsVisible = 0;
			defaultConfigurationName = Release;
		};
		57DC040C272A3590008FDECE /* Build configuration list for PBXProject "CashApp" */ = {
			isa = XCConfigurationList;
			buildConfigurations = (
				57DC0423272A3592008FDECE /* Debug */,
				57DC0424272A3592008FDECE /* Release */,
			);
			defaultConfigurationIsVisible = 0;
			defaultConfigurationName = Release;
		};
		57DC0425272A3592008FDECE /* Build configuration list for PBXNativeTarget "CashApp" */ = {
			isa = XCConfigurationList;
			buildConfigurations = (
				57DC0426272A3592008FDECE /* Debug */,
				57DC0427272A3592008FDECE /* Release */,
			);
			defaultConfigurationIsVisible = 0;
			defaultConfigurationName = Release;
		};
/* End XCConfigurationList section */
	};
	rootObject = 57DC0409272A3590008FDECE /* Project object */;
}
